
Microsoft Visual Studio Solution File, Format Version 12.00
# Visual Studio Version 16
VisualStudioVersion = 16.0.29911.84
MinimumVisualStudioVersion = 10.0.40219.1
Project("{FAE04EC0-301F-11D3-BF4B-00C04F79EFBC}") = "Cw3", "Cw3\Cw3.csproj", "{3EBBD10D-1D47-44E8-A95A-8905F7A7A934}"
EndProject
Global
	GlobalSection(SolutionConfigurationPlatforms) = preSolution
		Debug|Any CPU = Debug|Any CPU
		Release|Any CPU = Release|Any CPU
	EndGlobalSection
	GlobalSection(ProjectConfigurationPlatforms) = postSolution
		{3EBBD10D-1D47-44E8-A95A-8905F7A7A934}.Debug|Any CPU.ActiveCfg = Debug|Any CPU
		{3EBBD10D-1D47-44E8-A95A-8905F7A7A934}.Debug|Any CPU.Build.0 = Debug|Any CPU
		{3EBBD10D-1D47-44E8-A95A-8905F7A7A934}.Release|Any CPU.ActiveCfg = Release|Any CPU
		{3EBBD10D-1D47-44E8-A95A-8905F7A7A934}.Release|Any CPU.Build.0 = Release|Any CPU
	EndGlobalSection
	GlobalSection(SolutionProperties) = preSolution
		HideSolutionNode = FALSE
	EndGlobalSection
	GlobalSection(ExtensibilityGlobals) = postSolution
		SolutionGuid = {0F3400A8-C822-47CF-8113-10CF43592FE1}
	EndGlobalSection
EndGlobal
